
Microsoft Visual Studio Solution File, Format Version 12.00
# Visual Studio Version 17
VisualStudioVersion = 17.14.36327.8 d17.14
MinimumVisualStudioVersion = 10.0.40219.1
Project("{FAE04EC0-301F-11D3-BF4B-00C04F79EFBC}") = "StockBook-App", "StockBook-App\StockBook-App.csproj", "{A5A19B7B-5920-4CB2-A51A-9FE119182108}"
EndProject
Global
	GlobalSection(SolutionConfigurationPlatforms) = preSolution
		Debug|Any CPU = Debug|Any CPU
		Release|Any CPU = Release|Any CPU
	EndGlobalSection
	GlobalSection(ProjectConfigurationPlatforms) = postSolution
		{A5A19B7B-5920-4CB2-A51A-9FE119182108}.Debug|Any CPU.ActiveCfg = Debug|Any CPU
		{A5A19B7B-5920-4CB2-A51A-9FE119182108}.Debug|Any CPU.Build.0 = Debug|Any CPU
		{A5A19B7B-5920-4CB2-A51A-9FE119182108}.Release|Any CPU.ActiveCfg = Release|Any CPU
		{A5A19B7B-5920-4CB2-A51A-9FE119182108}.Release|Any CPU.Build.0 = Release|Any CPU
	EndGlobalSection
	GlobalSection(SolutionProperties) = preSolution
		HideSolutionNode = FALSE
	EndGlobalSection
	GlobalSection(ExtensibilityGlobals) = postSolution
		SolutionGuid = {B15D71BC-24D0-459B-AC4A-252BAD207E02}
	EndGlobalSection
EndGlobal
